
Microsoft Visual Studio Solution File, Format Version 12.00
# Visual Studio 14
VisualStudioVersion = 14.0.25123.0
MinimumVisualStudioVersion = 10.0.40219.1
Project("{D954291E-2A0B-460D-934E-DC6B0785DB48}") = "TouchPointTransformExample.SharedProject", "TouchPointTransformExample.SharedProject\TouchPointTransformExample.SharedProject.shproj", "{04EC0E22-AAF7-4F76-AA84-2572AA105690}"
EndProject
Project("{FAE04EC0-301F-11D3-BF4B-00C04F79EFBC}") = "TouchPointTransformExample.DesktopGL", "TouchPointTransformExample.DesktopGL\TouchPointTransformExample.DesktopGL.csproj", "{933AEBC8-1895-43C2-9BA9-32CB84B61369}"
EndProject
Project("{FAE04EC0-301F-11D3-BF4B-00C04F79EFBC}") = "TouchPointTransformExample.Android", "TouchPointTransformExample.Android\TouchPointTransformExample.Android.csproj", "{4F33A2BE-B42D-48FF-94A8-6BA26C2EDD65}"
EndProject
Global
	GlobalSection(SharedMSBuildProjectFiles) = preSolution
		TouchPointTransformExample.SharedProject\TouchPointTransformExample.SharedProject.projitems*{04ec0e22-aaf7-4f76-aa84-2572aa105690}*SharedItemsImports = 13
		TouchPointTransformExample.SharedProject\TouchPointTransformExample.SharedProject.projitems*{4f33a2be-b42d-48ff-94a8-6ba26c2edd65}*SharedItemsImports = 4
		TouchPointTransformExample.SharedProject\TouchPointTransformExample.SharedProject.projitems*{933aebc8-1895-43c2-9ba9-32cb84b61369}*SharedItemsImports = 4
	EndGlobalSection
	GlobalSection(SolutionConfigurationPlatforms) = preSolution
		Debug|Any CPU = Debug|Any CPU
		Debug|x86 = Debug|x86
		Release|Any CPU = Release|Any CPU
		Release|x86 = Release|x86
	EndGlobalSection
	GlobalSection(ProjectConfigurationPlatforms) = postSolution
		{933AEBC8-1895-43C2-9BA9-32CB84B61369}.Debug|Any CPU.ActiveCfg = Debug|x86
		{933AEBC8-1895-43C2-9BA9-32CB84B61369}.Debug|x86.ActiveCfg = Debug|x86
		{933AEBC8-1895-43C2-9BA9-32CB84B61369}.Debug|x86.Build.0 = Debug|x86
		{933AEBC8-1895-43C2-9BA9-32CB84B61369}.Release|Any CPU.ActiveCfg = Release|x86
		{933AEBC8-1895-43C2-9BA9-32CB84B61369}.Release|x86.ActiveCfg = Release|x86
		{933AEBC8-1895-43C2-9BA9-32CB84B61369}.Release|x86.Build.0 = Release|x86
		{4F33A2BE-B42D-48FF-94A8-6BA26C2EDD65}.Debug|Any CPU.ActiveCfg = Debug|Any CPU
		{4F33A2BE-B42D-48FF-94A8-6BA26C2EDD65}.Debug|Any CPU.Build.0 = Debug|Any CPU
		{4F33A2BE-B42D-48FF-94A8-6BA26C2EDD65}.Debug|Any CPU.Deploy.0 = Debug|Any CPU
		{4F33A2BE-B42D-48FF-94A8-6BA26C2EDD65}.Debug|x86.ActiveCfg = Debug|Any CPU
		{4F33A2BE-B42D-48FF-94A8-6BA26C2EDD65}.Debug|x86.Build.0 = Debug|Any CPU
		{4F33A2BE-B42D-48FF-94A8-6BA26C2EDD65}.Debug|x86.Deploy.0 = Debug|Any CPU
		{4F33A2BE-B42D-48FF-94A8-6BA26C2EDD65}.Release|Any CPU.ActiveCfg = Release|Any CPU
		{4F33A2BE-B42D-48FF-94A8-6BA26C2EDD65}.Release|Any CPU.Build.0 = Release|Any CPU
		{4F33A2BE-B42D-48FF-94A8-6BA26C2EDD65}.Release|Any CPU.Deploy.0 = Release|Any CPU
		{4F33A2BE-B42D-48FF-94A8-6BA26C2EDD65}.Release|x86.ActiveCfg = Release|Any CPU
		{4F33A2BE-B42D-48FF-94A8-6BA26C2EDD65}.Release|x86.Build.0 = Release|Any CPU
		{4F33A2BE-B42D-48FF-94A8-6BA26C2EDD65}.Release|x86.Deploy.0 = Release|Any CPU
	EndGlobalSection
	GlobalSection(SolutionProperties) = preSolution
		HideSolutionNode = FALSE
	EndGlobalSection
EndGlobal
